
Microsoft Visual Studio Solution File, Format Version 12.00
# Visual Studio Version 17
VisualStudioVersion = 17.7.34221.43
MinimumVisualStudioVersion = 10.0.40219.1
Project("{9A19103F-16F7-4668-BE54-9A1E7A4F7556}") = "Catalog.API", "Catalog.API\Catalog.API.csproj", "{2F04C7BE-775B-4100-8BF5-7D020F278EDC}"
EndProject
Project("{9A19103F-16F7-4668-BE54-9A1E7A4F7556}") = "Basket.API", "Basket.API\Basket.API.csproj", "{D163352A-7717-4D67-9286-B59F50FC5FDA}"
EndProject
Project("{E53339B2-1760-4266-BCC7-CA923CBCF16C}") = "docker-compose", "docker-compose.dcproj", "{0F3916FD-09F5-4FE6-B443-3568C5D36E20}"
EndProject
Project("{9A19103F-16F7-4668-BE54-9A1E7A4F7556}") = "Discount.API", "Discount.API\Discount.API.csproj", "{7B27696D-3B2C-48E5-ADE7-90D7E2974813}"
EndProject
Project("{FAE04EC0-301F-11D3-BF4B-00C04F79EFBC}") = "Discount.Grpc", "Discount.Grpc\Discount.Grpc.csproj", "{CFAD0EB9-EA2F-4E65-9576-B921FA4177CD}"
EndProject
Global
	GlobalSection(SolutionConfigurationPlatforms) = preSolution
		Debug|Any CPU = Debug|Any CPU
		Release|Any CPU = Release|Any CPU
	EndGlobalSection
	GlobalSection(ProjectConfigurationPlatforms) = postSolution
		{2F04C7BE-775B-4100-8BF5-7D020F278EDC}.Debug|Any CPU.ActiveCfg = Debug|Any CPU
		{2F04C7BE-775B-4100-8BF5-7D020F278EDC}.Debug|Any CPU.Build.0 = Debug|Any CPU
		{2F04C7BE-775B-4100-8BF5-7D020F278EDC}.Release|Any CPU.ActiveCfg = Release|Any CPU
		{2F04C7BE-775B-4100-8BF5-7D020F278EDC}.Release|Any CPU.Build.0 = Release|Any CPU
		{D163352A-7717-4D67-9286-B59F50FC5FDA}.Debug|Any CPU.ActiveCfg = Debug|Any CPU
		{D163352A-7717-4D67-9286-B59F50FC5FDA}.Debug|Any CPU.Build.0 = Debug|Any CPU
		{D163352A-7717-4D67-9286-B59F50FC5FDA}.Release|Any CPU.ActiveCfg = Release|Any CPU
		{D163352A-7717-4D67-9286-B59F50FC5FDA}.Release|Any CPU.Build.0 = Release|Any CPU
		{0F3916FD-09F5-4FE6-B443-3568C5D36E20}.Debug|Any CPU.ActiveCfg = Debug|Any CPU
		{0F3916FD-09F5-4FE6-B443-3568C5D36E20}.Debug|Any CPU.Build.0 = Debug|Any CPU
		{0F3916FD-09F5-4FE6-B443-3568C5D36E20}.Release|Any CPU.ActiveCfg = Release|Any CPU
		{0F3916FD-09F5-4FE6-B443-3568C5D36E20}.Release|Any CPU.Build.0 = Release|Any CPU
		{7B27696D-3B2C-48E5-ADE7-90D7E2974813}.Debug|Any CPU.ActiveCfg = Debug|Any CPU
		{7B27696D-3B2C-48E5-ADE7-90D7E2974813}.Debug|Any CPU.Build.0 = Debug|Any CPU
		{7B27696D-3B2C-48E5-ADE7-90D7E2974813}.Release|Any CPU.ActiveCfg = Release|Any CPU
		{7B27696D-3B2C-48E5-ADE7-90D7E2974813}.Release|Any CPU.Build.0 = Release|Any CPU
		{CFAD0EB9-EA2F-4E65-9576-B921FA4177CD}.Debug|Any CPU.ActiveCfg = Debug|Any CPU
		{CFAD0EB9-EA2F-4E65-9576-B921FA4177CD}.Debug|Any CPU.Build.0 = Debug|Any CPU
		{CFAD0EB9-EA2F-4E65-9576-B921FA4177CD}.Release|Any CPU.ActiveCfg = Release|Any CPU
		{CFAD0EB9-EA2F-4E65-9576-B921FA4177CD}.Release|Any CPU.Build.0 = Release|Any CPU
	EndGlobalSection
	GlobalSection(SolutionProperties) = preSolution
		HideSolutionNode = FALSE
	EndGlobalSection
	GlobalSection(ExtensibilityGlobals) = postSolution
		SolutionGuid = {70992B2B-B593-45BA-B42E-1FC46D67B5F5}
	EndGlobalSection
EndGlobal
